
Microsoft Visual Studio Solution File, Format Version 12.00
# Visual Studio Version 17
VisualStudioVersion = 17.4.33213.308
MinimumVisualStudioVersion = 10.0.40219.1
Project("{9A19103F-16F7-4668-BE54-9A1E7A4F7556}") = "Singleton", "Singleton\Singleton.csproj", "{3A654102-CC79-401D-9B91-6DD522E1E3C9}"
EndProject
Project("{9A19103F-16F7-4668-BE54-9A1E7A4F7556}") = "Factory", "Factory\Factory.csproj", "{6487EAB3-825F-4076-8A1C-588968EEB86E}"
EndProject
Project("{9A19103F-16F7-4668-BE54-9A1E7A4F7556}") = "Strategy", "Strategy\Strategy.csproj", "{4BE929DB-ED56-4F31-86DF-7552C5857C79}"
EndProject
Project("{FAE04EC0-301F-11D3-BF4B-00C04F79EFBC}") = "Obvervable", "Obvervable\Obvervable.csproj", "{9E5D3FB3-9260-4016-91D0-6D65C40CB873}"
EndProject
Global
	GlobalSection(SolutionConfigurationPlatforms) = preSolution
		Debug|Any CPU = Debug|Any CPU
		Release|Any CPU = Release|Any CPU
	EndGlobalSection
	GlobalSection(ProjectConfigurationPlatforms) = postSolution
		{3A654102-CC79-401D-9B91-6DD522E1E3C9}.Debug|Any CPU.ActiveCfg = Debug|Any CPU
		{3A654102-CC79-401D-9B91-6DD522E1E3C9}.Debug|Any CPU.Build.0 = Debug|Any CPU
		{3A654102-CC79-401D-9B91-6DD522E1E3C9}.Release|Any CPU.ActiveCfg = Release|Any CPU
		{3A654102-CC79-401D-9B91-6DD522E1E3C9}.Release|Any CPU.Build.0 = Release|Any CPU
		{6487EAB3-825F-4076-8A1C-588968EEB86E}.Debug|Any CPU.ActiveCfg = Debug|Any CPU
		{6487EAB3-825F-4076-8A1C-588968EEB86E}.Debug|Any CPU.Build.0 = Debug|Any CPU
		{6487EAB3-825F-4076-8A1C-588968EEB86E}.Release|Any CPU.ActiveCfg = Release|Any CPU
		{6487EAB3-825F-4076-8A1C-588968EEB86E}.Release|Any CPU.Build.0 = Release|Any CPU
		{4BE929DB-ED56-4F31-86DF-7552C5857C79}.Debug|Any CPU.ActiveCfg = Debug|Any CPU
		{4BE929DB-ED56-4F31-86DF-7552C5857C79}.Debug|Any CPU.Build.0 = Debug|Any CPU
		{4BE929DB-ED56-4F31-86DF-7552C5857C79}.Release|Any CPU.ActiveCfg = Release|Any CPU
		{4BE929DB-ED56-4F31-86DF-7552C5857C79}.Release|Any CPU.Build.0 = Release|Any CPU
		{9E5D3FB3-9260-4016-91D0-6D65C40CB873}.Debug|Any CPU.ActiveCfg = Debug|Any CPU
		{9E5D3FB3-9260-4016-91D0-6D65C40CB873}.Debug|Any CPU.Build.0 = Debug|Any CPU
		{9E5D3FB3-9260-4016-91D0-6D65C40CB873}.Release|Any CPU.ActiveCfg = Release|Any CPU
		{9E5D3FB3-9260-4016-91D0-6D65C40CB873}.Release|Any CPU.Build.0 = Release|Any CPU
	EndGlobalSection
	GlobalSection(SolutionProperties) = preSolution
		HideSolutionNode = FALSE
	EndGlobalSection
	GlobalSection(ExtensibilityGlobals) = postSolution
		SolutionGuid = {BA88D226-A77C-4413-9AFA-F597A2CCE9D4}
	EndGlobalSection
EndGlobal
